
Microsoft Visual Studio Solution File, Format Version 12.00
# Visual Studio 15
Project("{FAE04EC0-301F-11D3-BF4B-00C04F79EFBC}") = "Assembly-CSharp", "Assembly-CSharp.csproj", "{DF0E663C-5FC4-4DC3-605F-D488549589E8}"
EndProject
Project("{FAE04EC0-301F-11D3-BF4B-00C04F79EFBC}") = "Assembly-CSharp-Editor", "Assembly-CSharp-Editor.csproj", "{069DC324-929A-3DB3-D537-8E21DBD620C5}"
EndProject
Global
	GlobalSection(SolutionConfigurationPlatforms) = preSolution
		Debug|Any CPU = Debug|Any CPU
		Release|Any CPU = Release|Any CPU
	EndGlobalSection
	GlobalSection(ProjectConfigurationPlatforms) = postSolution
		{DF0E663C-5FC4-4DC3-605F-D488549589E8}.Debug|Any CPU.ActiveCfg = Debug|Any CPU
		{DF0E663C-5FC4-4DC3-605F-D488549589E8}.Debug|Any CPU.Build.0 = Debug|Any CPU
		{DF0E663C-5FC4-4DC3-605F-D488549589E8}.Release|Any CPU.ActiveCfg = Release|Any CPU
		{DF0E663C-5FC4-4DC3-605F-D488549589E8}.Release|Any CPU.Build.0 = Release|Any CPU
		{069DC324-929A-3DB3-D537-8E21DBD620C5}.Debug|Any CPU.ActiveCfg = Debug|Any CPU
		{069DC324-929A-3DB3-D537-8E21DBD620C5}.Debug|Any CPU.Build.0 = Debug|Any CPU
		{069DC324-929A-3DB3-D537-8E21DBD620C5}.Release|Any CPU.ActiveCfg = Release|Any CPU
		{069DC324-929A-3DB3-D537-8E21DBD620C5}.Release|Any CPU.Build.0 = Release|Any CPU
	EndGlobalSection
	GlobalSection(SolutionProperties) = preSolution
		HideSolutionNode = FALSE
	EndGlobalSection
EndGlobal
